
Microsoft Visual Studio Solution File, Format Version 12.00
# Visual Studio Version 17
VisualStudioVersion = 17.13.35931.197
MinimumVisualStudioVersion = 10.0.40219.1
Project("{FAE04EC0-301F-11D3-BF4B-00C04F79EFBC}") = "IfcHopper", "IfcHopper\IfcHopper.csproj", "{D07DABE7-A2CE-4300-A086-E6C2B5573B25}"
EndProject
Project("{FAE04EC0-301F-11D3-BF4B-00C04F79EFBC}") = "IfcHopper.Core", "IfcHopper.Core\IfcHopper.Core.csproj", "{49D11CAB-F734-415D-A43F-364CCB11658C}"
EndProject
Project("{FAE04EC0-301F-11D3-BF4B-00C04F79EFBC}") = "IfcHopper.Tests", "IfcHopper.Tests\IfcHopper.Tests.csproj", "{02AF128E-ED77-4A4D-B24E-27C75F976679}"
EndProject
Global
	GlobalSection(SolutionConfigurationPlatforms) = preSolution
		Debug|Any CPU = Debug|Any CPU
		Debug|x64 = Debug|x64
		Debug|x86 = Debug|x86
		Release|Any CPU = Release|Any CPU
		Release|x64 = Release|x64
		Release|x86 = Release|x86
	EndGlobalSection
	GlobalSection(ProjectConfigurationPlatforms) = postSolution
		{D07DABE7-A2CE-4300-A086-E6C2B5573B25}.Debug|Any CPU.ActiveCfg = Debug|Any CPU
		{D07DABE7-A2CE-4300-A086-E6C2B5573B25}.Debug|Any CPU.Build.0 = Debug|Any CPU
		{D07DABE7-A2CE-4300-A086-E6C2B5573B25}.Debug|x64.ActiveCfg = Debug|Any CPU
		{D07DABE7-A2CE-4300-A086-E6C2B5573B25}.Debug|x64.Build.0 = Debug|Any CPU
		{D07DABE7-A2CE-4300-A086-E6C2B5573B25}.Debug|x86.ActiveCfg = Debug|Any CPU
		{D07DABE7-A2CE-4300-A086-E6C2B5573B25}.Debug|x86.Build.0 = Debug|Any CPU
		{D07DABE7-A2CE-4300-A086-E6C2B5573B25}.Release|Any CPU.ActiveCfg = Release|Any CPU
		{D07DABE7-A2CE-4300-A086-E6C2B5573B25}.Release|Any CPU.Build.0 = Release|Any CPU
		{D07DABE7-A2CE-4300-A086-E6C2B5573B25}.Release|x64.ActiveCfg = Release|Any CPU
		{D07DABE7-A2CE-4300-A086-E6C2B5573B25}.Release|x64.Build.0 = Release|Any CPU
		{D07DABE7-A2CE-4300-A086-E6C2B5573B25}.Release|x86.ActiveCfg = Release|Any CPU
		{D07DABE7-A2CE-4300-A086-E6C2B5573B25}.Release|x86.Build.0 = Release|Any CPU
		{49D11CAB-F734-415D-A43F-364CCB11658C}.Debug|Any CPU.ActiveCfg = Debug|Any CPU
		{49D11CAB-F734-415D-A43F-364CCB11658C}.Debug|Any CPU.Build.0 = Debug|Any CPU
		{49D11CAB-F734-415D-A43F-364CCB11658C}.Debug|x64.ActiveCfg = Debug|Any CPU
		{49D11CAB-F734-415D-A43F-364CCB11658C}.Debug|x64.Build.0 = Debug|Any CPU
		{49D11CAB-F734-415D-A43F-364CCB11658C}.Debug|x86.ActiveCfg = Debug|Any CPU
		{49D11CAB-F734-415D-A43F-364CCB11658C}.Debug|x86.Build.0 = Debug|Any CPU
		{49D11CAB-F734-415D-A43F-364CCB11658C}.Release|Any CPU.ActiveCfg = Release|Any CPU
		{49D11CAB-F734-415D-A43F-364CCB11658C}.Release|Any CPU.Build.0 = Release|Any CPU
		{49D11CAB-F734-415D-A43F-364CCB11658C}.Release|x64.ActiveCfg = Release|Any CPU
		{49D11CAB-F734-415D-A43F-364CCB11658C}.Release|x64.Build.0 = Release|Any CPU
		{49D11CAB-F734-415D-A43F-364CCB11658C}.Release|x86.ActiveCfg = Release|Any CPU
		{49D11CAB-F734-415D-A43F-364CCB11658C}.Release|x86.Build.0 = Release|Any CPU
		{02AF128E-ED77-4A4D-B24E-27C75F976679}.Debug|Any CPU.ActiveCfg = Debug|Any CPU
		{02AF128E-ED77-4A4D-B24E-27C75F976679}.Debug|Any CPU.Build.0 = Debug|Any CPU
		{02AF128E-ED77-4A4D-B24E-27C75F976679}.Debug|x64.ActiveCfg = Debug|Any CPU
		{02AF128E-ED77-4A4D-B24E-27C75F976679}.Debug|x64.Build.0 = Debug|Any CPU
		{02AF128E-ED77-4A4D-B24E-27C75F976679}.Debug|x86.ActiveCfg = Debug|Any CPU
		{02AF128E-ED77-4A4D-B24E-27C75F976679}.Debug|x86.Build.0 = Debug|Any CPU
		{02AF128E-ED77-4A4D-B24E-27C75F976679}.Release|Any CPU.ActiveCfg = Release|Any CPU
		{02AF128E-ED77-4A4D-B24E-27C75F976679}.Release|Any CPU.Build.0 = Release|Any CPU
		{02AF128E-ED77-4A4D-B24E-27C75F976679}.Release|x64.ActiveCfg = Release|Any CPU
		{02AF128E-ED77-4A4D-B24E-27C75F976679}.Release|x64.Build.0 = Release|Any CPU
		{02AF128E-ED77-4A4D-B24E-27C75F976679}.Release|x86.ActiveCfg = Release|Any CPU
		{02AF128E-ED77-4A4D-B24E-27C75F976679}.Release|x86.Build.0 = Release|Any CPU
	EndGlobalSection
	GlobalSection(SolutionProperties) = preSolution
		HideSolutionNode = FALSE
	EndGlobalSection
	GlobalSection(ExtensibilityGlobals) = postSolution
		SolutionGuid = {EFA3588D-8B11-46C3-B2CD-8404921D011E}
	EndGlobalSection
EndGlobal
